
Microsoft Visual Studio Solution File, Format Version 12.00
# Visual Studio Version 17
VisualStudioVersion = 17.4.33122.133
MinimumVisualStudioVersion = 10.0.40219.1
Project("{FAE04EC0-301F-11D3-BF4B-00C04F79EFBC}") = "webprogramlama", "webprogramlama.csproj", "{181B1052-C344-4115-A58A-04C22CA3C792}"
EndProject
Global
	GlobalSection(SolutionConfigurationPlatforms) = preSolution
		Debug|Any CPU = Debug|Any CPU
		Release|Any CPU = Release|Any CPU
	EndGlobalSection
	GlobalSection(ProjectConfigurationPlatforms) = postSolution
		{181B1052-C344-4115-A58A-04C22CA3C792}.Debug|Any CPU.ActiveCfg = Debug|Any CPU
		{181B1052-C344-4115-A58A-04C22CA3C792}.Debug|Any CPU.Build.0 = Debug|Any CPU
		{181B1052-C344-4115-A58A-04C22CA3C792}.Release|Any CPU.ActiveCfg = Release|Any CPU
		{181B1052-C344-4115-A58A-04C22CA3C792}.Release|Any CPU.Build.0 = Release|Any CPU
	EndGlobalSection
	GlobalSection(SolutionProperties) = preSolution
		HideSolutionNode = FALSE
	EndGlobalSection
	GlobalSection(ExtensibilityGlobals) = postSolution
		SolutionGuid = {3244B264-B666-4471-BD0B-7B9E9299EE9C}
	EndGlobalSection
EndGlobal
